
Microsoft Visual Studio Solution File, Format Version 12.00
# Visual Studio 15
VisualStudioVersion = 15.0.28010.2003
MinimumVisualStudioVersion = 10.0.40219.1
Project("{FAE04EC0-301F-11D3-BF4B-00C04F79EFBC}") = "ValueTypeDemo", "ValueTypeDemo\ValueTypeDemo.csproj", "{4C7DFBBE-DB86-4594-966B-E3FCB4D7648F}"
EndProject
Global
	GlobalSection(SolutionConfigurationPlatforms) = preSolution
		Debug|Any CPU = Debug|Any CPU
		Release|Any CPU = Release|Any CPU
	EndGlobalSection
	GlobalSection(ProjectConfigurationPlatforms) = postSolution
		{4C7DFBBE-DB86-4594-966B-E3FCB4D7648F}.Debug|Any CPU.ActiveCfg = Debug|Any CPU
		{4C7DFBBE-DB86-4594-966B-E3FCB4D7648F}.Debug|Any CPU.Build.0 = Debug|Any CPU
		{4C7DFBBE-DB86-4594-966B-E3FCB4D7648F}.Release|Any CPU.ActiveCfg = Release|Any CPU
		{4C7DFBBE-DB86-4594-966B-E3FCB4D7648F}.Release|Any CPU.Build.0 = Release|Any CPU
	EndGlobalSection
	GlobalSection(SolutionProperties) = preSolution
		HideSolutionNode = FALSE
	EndGlobalSection
	GlobalSection(ExtensibilityGlobals) = postSolution
		SolutionGuid = {3A09863F-1F3E-4BDC-B219-BBED2D16F1AC}
	EndGlobalSection
EndGlobal
